// !$*UTF8*$!
{
	archiveVersion = 1;
	classes = {
	};
	objectVersion = 50;
	objects = {

/* Begin PBXBuildFile section */
		F427449525819C0000DABF13 /* NavigationPresentationLayoutIssueApp.swift in Sources */ = {isa = PBXBuildFile; fileRef = F427449425819C0000DABF13 /* NavigationPresentationLayoutIssueApp.swift */; };
		F427449725819C0000DABF13 /* ContentView.swift in Sources */ = {isa = PBXBuildFile; fileRef = F427449625819C0000DABF13 /* ContentView.swift */; };
		F427449925819C0200DABF13 /* Assets.xcassets in Resources */ = {isa = PBXBuildFile; fileRef = F427449825819C0200DABF13 /* Assets.xcassets */; };
		F427449C25819C0200DABF13 /* Preview Assets.xcassets in Resources */ = {isa = PBXBuildFile; fileRef = F427449B25819C0200DABF13 /* Preview Assets.xcassets */; };
		F42744CE2581A1FB00DABF13 /* MapboxSpeech.framework in Frameworks */ = {isa = PBXBuildFile; fileRef = F42744C22581A1FA00DABF13 /* MapboxSpeech.framework */; };
		F42744CF2581A1FB00DABF13 /* MapboxMobileEvents.framework in Frameworks */ = {isa = PBXBuildFile; fileRef = F42744C32581A1FA00DABF13 /* MapboxMobileEvents.framework */; };
		F42744D02581A1FB00DABF13 /* Solar.framework in Frameworks */ = {isa = PBXBuildFile; fileRef = F42744C42581A1FB00DABF13 /* Solar.framework */; };
		F42744D12581A1FB00DABF13 /* Polyline.framework in Frameworks */ = {isa = PBXBuildFile; fileRef = F42744C52581A1FB00DABF13 /* Polyline.framework */; };
		F42744D22581A1FB00DABF13 /* MapboxNavigationNative.framework in Frameworks */ = {isa = PBXBuildFile; fileRef = F42744C62581A1FB00DABF13 /* MapboxNavigationNative.framework */; };
		F42744D32581A1FB00DABF13 /* MapboxAccounts.framework in Frameworks */ = {isa = PBXBuildFile; fileRef = F42744C72581A1FB00DABF13 /* MapboxAccounts.framework */; };
		F42744D42581A1FB00DABF13 /* MapboxCoreNavigation.framework in Frameworks */ = {isa = PBXBuildFile; fileRef = F42744C82581A1FB00DABF13 /* MapboxCoreNavigation.framework */; };
		F42744D52581A1FB00DABF13 /* MapboxDirections.framework in Frameworks */ = {isa = PBXBuildFile; fileRef = F42744C92581A1FB00DABF13 /* MapboxDirections.framework */; };
		F42744D62581A1FB00DABF13 /* MapboxCommon.framework in Frameworks */ = {isa = PBXBuildFile; fileRef = F42744CA2581A1FB00DABF13 /* MapboxCommon.framework */; };
		F42744D72581A1FB00DABF13 /* MapboxNavigation.framework in Frameworks */ = {isa = PBXBuildFile; fileRef = F42744CB2581A1FB00DABF13 /* MapboxNavigation.framework */; };
		F42744D82581A1FB00DABF13 /* Turf.framework in Frameworks */ = {isa = PBXBuildFile; fileRef = F42744CC2581A1FB00DABF13 /* Turf.framework */; };
		F42744D92581A1FB00DABF13 /* Mapbox.framework in Frameworks */ = {isa = PBXBuildFile; fileRef = F42744CD2581A1FB00DABF13 /* Mapbox.framework */; };
		F4E45FBC2581A2670083AE5C /* NavigationView.swift in Sources */ = {isa = PBXBuildFile; fileRef = F4E45FBB2581A2670083AE5C /* NavigationView.swift */; };
/* End PBXBuildFile section */

/* Begin PBXFileReference section */
		F427449125819C0000DABF13 /* NavigationPresentationLayoutIssue.app */ = {isa = PBXFileReference; explicitFileType = wrapper.application; includeInIndex = 0; path = NavigationPresentationLayoutIssue.app; sourceTree = BUILT_PRODUCTS_DIR; };
		F427449425819C0000DABF13 /* NavigationPresentationLayoutIssueApp.swift */ = {isa = PBXFileReference; lastKnownFileType = sourcecode.swift; path = NavigationPresentationLayoutIssueApp.swift; sourceTree = "<group>"; };
		F427449625819C0000DABF13 /* ContentView.swift */ = {isa = PBXFileReference; lastKnownFileType = sourcecode.swift; path = ContentView.swift; sourceTree = "<group>"; };
		F427449825819C0200DABF13 /* Assets.xcassets */ = {isa = PBXFileReference; lastKnownFileType = folder.assetcatalog; path = Assets.xcassets; sourceTree = "<group>"; };
		F427449B25819C0200DABF13 /* Preview Assets.xcassets */ = {isa = PBXFileReference; lastKnownFileType = folder.assetcatalog; path = "Preview Assets.xcassets"; sourceTree = "<group>"; };
		F427449D25819C0200DABF13 /* Info.plist */ = {isa = PBXFileReference; lastKnownFileType = text.plist.xml; path = Info.plist; sourceTree = "<group>"; };
		F42744C22581A1FA00DABF13 /* MapboxSpeech.framework */ = {isa = PBXFileReference; lastKnownFileType = wrapper.framework; name = MapboxSpeech.framework; path = Carthage/Build/iOS/MapboxSpeech.framework; sourceTree = "<group>"; };
		F42744C32581A1FA00DABF13 /* MapboxMobileEvents.framework */ = {isa = PBXFileReference; lastKnownFileType = wrapper.framework; name = MapboxMobileEvents.framework; path = Carthage/Build/iOS/MapboxMobileEvents.framework; sourceTree = "<group>"; };
		F42744C42581A1FB00DABF13 /* Solar.framework */ = {isa = PBXFileReference; lastKnownFileType = wrapper.framework; name = Solar.framework; path = Carthage/Build/iOS/Solar.framework; sourceTree = "<group>"; };
		F42744C52581A1FB00DABF13 /* Polyline.framework */ = {isa = PBXFileReference; lastKnownFileType = wrapper.framework; name = Polyline.framework; path = Carthage/Build/iOS/Polyline.framework; sourceTree = "<group>"; };
		F42744C62581A1FB00DABF13 /* MapboxNavigationNative.framework */ = {isa = PBXFileReference; lastKnownFileType = wrapper.framework; name = MapboxNavigationNative.framework; path = Carthage/Build/iOS/MapboxNavigationNative.framework; sourceTree = "<group>"; };
		F42744C72581A1FB00DABF13 /* MapboxAccounts.framework */ = {isa = PBXFileReference; lastKnownFileType = wrapper.framework; name = MapboxAccounts.framework; path = Carthage/Build/iOS/MapboxAccounts.framework; sourceTree = "<group>"; };
		F42744C82581A1FB00DABF13 /* MapboxCoreNavigation.framework */ = {isa = PBXFileReference; lastKnownFileType = wrapper.framework; name = MapboxCoreNavigation.framework; path = Carthage/Build/iOS/MapboxCoreNavigation.framework; sourceTree = "<group>"; };
		F42744C92581A1FB00DABF13 /* MapboxDirections.framework */ = {isa = PBXFileReference; lastKnownFileType = wrapper.framework; name = MapboxDirections.framework; path = Carthage/Build/iOS/MapboxDirections.framework; sourceTree = "<group>"; };
		F42744CA2581A1FB00DABF13 /* MapboxCommon.framework */ = {isa = PBXFileReference; lastKnownFileType = wrapper.framework; name = MapboxCommon.framework; path = Carthage/Build/iOS/MapboxCommon.framework; sourceTree = "<group>"; };
		F42744CB2581A1FB00DABF13 /* MapboxNavigation.framework */ = {isa = PBXFileReference; lastKnownFileType = wrapper.framework; name = MapboxNavigation.framework; path = Carthage/Build/iOS/MapboxNavigation.framework; sourceTree = "<group>"; };
		F42744CC2581A1FB00DABF13 /* Turf.framework */ = {isa = PBXFileReference; lastKnownFileType = wrapper.framework; name = Turf.framework; path = Carthage/Build/iOS/Turf.framework; sourceTree = "<group>"; };
		F42744CD2581A1FB00DABF13 /* Mapbox.framework */ = {isa = PBXFileReference; lastKnownFileType = wrapper.framework; name = Mapbox.framework; path = Carthage/Build/iOS/Mapbox.framework; sourceTree = "<group>"; };
		F4E45FBB2581A2670083AE5C /* NavigationView.swift */ = {isa = PBXFileReference; lastKnownFileType = sourcecode.swift; path = NavigationView.swift; sourceTree = "<group>"; };
/* End PBXFileReference section */

/* Begin PBXFrameworksBuildPhase section */
		F427448E25819C0000DABF13 /* Frameworks */ = {
			isa = PBXFrameworksBuildPhase;
			buildActionMask = 2147483647;
			files = (
				F42744D62581A1FB00DABF13 /* MapboxCommon.framework in Frameworks */,
				F42744D72581A1FB00DABF13 /* MapboxNavigation.framework in Frameworks */,
				F42744CF2581A1FB00DABF13 /* MapboxMobileEvents.framework in Frameworks */,
				F42744D52581A1FB00DABF13 /* MapboxDirections.framework in Frameworks */,
				F42744D02581A1FB00DABF13 /* Solar.framework in Frameworks */,
				F42744D22581A1FB00DABF13 /* MapboxNavigationNative.framework in Frameworks */,
				F42744D82581A1FB00DABF13 /* Turf.framework in Frameworks */,
				F42744D32581A1FB00DABF13 /* MapboxAccounts.framework in Frameworks */,
				F42744D42581A1FB00DABF13 /* MapboxCoreNavigation.framework in Frameworks */,
				F42744D12581A1FB00DABF13 /* Polyline.framework in Frameworks */,
				F42744CE2581A1FB00DABF13 /* MapboxSpeech.framework in Frameworks */,
				F42744D92581A1FB00DABF13 /* Mapbox.framework in Frameworks */,
			);
			runOnlyForDeploymentPostprocessing = 0;
		};
/* End PBXFrameworksBuildPhase section */

/* Begin PBXGroup section */
		F427448825819C0000DABF13 = {
			isa = PBXGroup;
			children = (
				F427449325819C0000DABF13 /* NavigationPresentationLayoutIssue */,
				F42744A425819ED200DABF13 /* Frameworks */,
				F427449225819C0000DABF13 /* Products */,
			);
			sourceTree = "<group>";
		};
		F427449225819C0000DABF13 /* Products */ = {
			isa = PBXGroup;
			children = (
				F427449125819C0000DABF13 /* NavigationPresentationLayoutIssue.app */,
			);
			name = Products;
			sourceTree = "<group>";
		};
		F427449325819C0000DABF13 /* NavigationPresentationLayoutIssue */ = {
			isa = PBXGroup;
			children = (
				F427449425819C0000DABF13 /* NavigationPresentationLayoutIssueApp.swift */,
				F427449625819C0000DABF13 /* ContentView.swift */,
				F4E45FBB2581A2670083AE5C /* NavigationView.swift */,
				F427449825819C0200DABF13 /* Assets.xcassets */,
				F427449D25819C0200DABF13 /* Info.plist */,
				F427449A25819C0200DABF13 /* Preview Content */,
			);
			path = NavigationPresentationLayoutIssue;
			sourceTree = "<group>";
		};
		F427449A25819C0200DABF13 /* Preview Content */ = {
			isa = PBXGroup;
			children = (
				F427449B25819C0200DABF13 /* Preview Assets.xcassets */,
			);
			path = "Preview Content";
			sourceTree = "<group>";
		};
		F42744A425819ED200DABF13 /* Frameworks */ = {
			isa = PBXGroup;
			children = (
				F42744CD2581A1FB00DABF13 /* Mapbox.framework */,
				F42744C72581A1FB00DABF13 /* MapboxAccounts.framework */,
				F42744CA2581A1FB00DABF13 /* MapboxCommon.framework */,
				F42744C82581A1FB00DABF13 /* MapboxCoreNavigation.framework */,
				F42744C92581A1FB00DABF13 /* MapboxDirections.framework */,
				F42744C32581A1FA00DABF13 /* MapboxMobileEvents.framework */,
				F42744CB2581A1FB00DABF13 /* MapboxNavigation.framework */,
				F42744C62581A1FB00DABF13 /* MapboxNavigationNative.framework */,
				F42744C22581A1FA00DABF13 /* MapboxSpeech.framework */,
				F42744C52581A1FB00DABF13 /* Polyline.framework */,
				F42744C42581A1FB00DABF13 /* Solar.framework */,
				F42744CC2581A1FB00DABF13 /* Turf.framework */,
			);
			name = Frameworks;
			sourceTree = "<group>";
		};
/* End PBXGroup section */

/* Begin PBXNativeTarget section */
		F427449025819C0000DABF13 /* NavigationPresentationLayoutIssue */ = {
			isa = PBXNativeTarget;
			buildConfigurationList = F42744A025819C0200DABF13 /* Build configuration list for PBXNativeTarget "NavigationPresentationLayoutIssue" */;
			buildPhases = (
				F427448D25819C0000DABF13 /* Sources */,
				F427448E25819C0000DABF13 /* Frameworks */,
				F427448F25819C0000DABF13 /* Resources */,
				A2BA50AED5AC1916243DE67E /* Carthage */,
			);
			buildRules = (
			);
			dependencies = (
			);
			name = NavigationPresentationLayoutIssue;
			productName = NavigationPresentationLayoutIssue;
			productReference = F427449125819C0000DABF13 /* NavigationPresentationLayoutIssue.app */;
			productType = "com.apple.product-type.application";
		};
/* End PBXNativeTarget section */

/* Begin PBXProject section */
		F427448925819C0000DABF13 /* Project object */ = {
			isa = PBXProject;
			attributes = {
				LastSwiftUpdateCheck = 1220;
				LastUpgradeCheck = 1220;
				TargetAttributes = {
					F427449025819C0000DABF13 = {
						CreatedOnToolsVersion = 12.2;
					};
				};
			};
			buildConfigurationList = F427448C25819C0000DABF13 /* Build configuration list for PBXProject "NavigationPresentationLayoutIssue" */;
			compatibilityVersion = "Xcode 9.3";
			developmentRegion = en;
			hasScannedForEncodings = 0;
			knownRegions = (
				en,
				Base,
			);
			mainGroup = F427448825819C0000DABF13;
			productRefGroup = F427449225819C0000DABF13 /* Products */;
			projectDirPath = "";
			projectRoot = "";
			targets = (
				F427449025819C0000DABF13 /* NavigationPresentationLayoutIssue */,
			);
		};
/* End PBXProject section */

/* Begin PBXResourcesBuildPhase section */
		F427448F25819C0000DABF13 /* Resources */ = {
			isa = PBXResourcesBuildPhase;
			buildActionMask = 2147483647;
			files = (
				F427449C25819C0200DABF13 /* Preview Assets.xcassets in Resources */,
				F427449925819C0200DABF13 /* Assets.xcassets in Resources */,
			);
			runOnlyForDeploymentPostprocessing = 0;
		};
/* End PBXResourcesBuildPhase section */

/* Begin PBXShellScriptBuildPhase section */
		A2BA50AED5AC1916243DE67E /* Carthage */ = {
			isa = PBXShellScriptBuildPhase;
			buildActionMask = 2147483647;
			files = (
			);
			inputPaths = (
				"$(SRCROOT)/Carthage/Build/iOS/Mapbox.framework",
				"$(SRCROOT)/Carthage/Build/iOS/MapboxAccounts.framework",
				"$(SRCROOT)/Carthage/Build/iOS/MapboxCommon.framework",
				"$(SRCROOT)/Carthage/Build/iOS/MapboxCoreNavigation.framework",
				"$(SRCROOT)/Carthage/Build/iOS/MapboxDirections.framework",
				"$(SRCROOT)/Carthage/Build/iOS/MapboxMobileEvents.framework",
				"$(SRCROOT)/Carthage/Build/iOS/MapboxNavigation.framework",
				"$(SRCROOT)/Carthage/Build/iOS/MapboxNavigationNative.framework",
				"$(SRCROOT)/Carthage/Build/iOS/MapboxSpeech.framework",
				"$(SRCROOT)/Carthage/Build/iOS/Polyline.framework",
				"$(SRCROOT)/Carthage/Build/iOS/Solar.framework",
				"$(SRCROOT)/Carthage/Build/iOS/Turf.framework",
			);
			name = Carthage;
			outputPaths = (
				"$(BUILT_PRODUCTS_DIR)/$(FRAMEWORKS_FOLDER_PATH)/Mapbox.framework",
				"$(BUILT_PRODUCTS_DIR)/$(FRAMEWORKS_FOLDER_PATH)/MapboxAccounts.framework",
				"$(BUILT_PRODUCTS_DIR)/$(FRAMEWORKS_FOLDER_PATH)/MapboxCommon.framework",
				"$(BUILT_PRODUCTS_DIR)/$(FRAMEWORKS_FOLDER_PATH)/MapboxCoreNavigation.framework",
				"$(BUILT_PRODUCTS_DIR)/$(FRAMEWORKS_FOLDER_PATH)/MapboxDirections.framework",
				"$(BUILT_PRODUCTS_DIR)/$(FRAMEWORKS_FOLDER_PATH)/MapboxMobileEvents.framework",
				"$(BUILT_PRODUCTS_DIR)/$(FRAMEWORKS_FOLDER_PATH)/MapboxNavigation.framework",
				"$(BUILT_PRODUCTS_DIR)/$(FRAMEWORKS_FOLDER_PATH)/MapboxNavigationNative.framework",
				"$(BUILT_PRODUCTS_DIR)/$(FRAMEWORKS_FOLDER_PATH)/MapboxSpeech.framework",
				"$(BUILT_PRODUCTS_DIR)/$(FRAMEWORKS_FOLDER_PATH)/Polyline.framework",
				"$(BUILT_PRODUCTS_DIR)/$(FRAMEWORKS_FOLDER_PATH)/Solar.framework",
				"$(BUILT_PRODUCTS_DIR)/$(FRAMEWORKS_FOLDER_PATH)/Turf.framework",
			);
			runOnlyForDeploymentPostprocessing = 0;
			shellPath = /bin/sh;
			shellScript = "/usr/local/bin/carthage copy-frameworks";
		};
/* End PBXShellScriptBuildPhase section */

/* Begin PBXSourcesBuildPhase section */
		F427448D25819C0000DABF13 /* Sources */ = {
			isa = PBXSourcesBuildPhase;
			buildActionMask = 2147483647;
			files = (
				F427449725819C0000DABF13 /* ContentView.swift in Sources */,
				F4E45FBC2581A2670083AE5C /* NavigationView.swift in Sources */,
				F427449525819C0000DABF13 /* NavigationPresentationLayoutIssueApp.swift in Sources */,
			);
			runOnlyForDeploymentPostprocessing = 0;
		};
/* End PBXSourcesBuildPhase section */

/* Begin XCBuildConfiguration section */
		F427449E25819C0200DABF13 /* Debug */ = {
			isa = XCBuildConfiguration;
			buildSettings = {
				ALWAYS_SEARCH_USER_PATHS = NO;
				CLANG_ANALYZER_NONNULL = YES;
				CLANG_ANALYZER_NUMBER_OBJECT_CONVERSION = YES_AGGRESSIVE;
				CLANG_CXX_LANGUAGE_STANDARD = "gnu++14";
				CLANG_CXX_LIBRARY = "libc++";
				CLANG_ENABLE_MODULES = YES;
				CLANG_ENABLE_OBJC_ARC = YES;
				CLANG_ENABLE_OBJC_WEAK = YES;
				CLANG_WARN_BLOCK_CAPTURE_AUTORELEASING = YES;
				CLANG_WARN_BOOL_CONVERSION = YES;
				CLANG_WARN_COMMA = YES;
				CLANG_WARN_CONSTANT_CONVERSION = YES;
				CLANG_WARN_DEPRECATED_OBJC_IMPLEMENTATIONS = YES;
				CLANG_WARN_DIRECT_OBJC_ISA_USAGE = YES_ERROR;
				CLANG_WARN_DOCUMENTATION_COMMENTS = YES;
				CLANG_WARN_EMPTY_BODY = YES;
				CLANG_WARN_ENUM_CONVERSION = YES;
				CLANG_WARN_INFINITE_RECURSION = YES;
				CLANG_WARN_INT_CONVERSION = YES;
				CLANG_WARN_NON_LITERAL_NULL_CONVERSION = YES;
				CLANG_WARN_OBJC_IMPLICIT_RETAIN_SELF = YES;
				CLANG_WARN_OBJC_LITERAL_CONVERSION = YES;
				CLANG_WARN_OBJC_ROOT_CLASS = YES_ERROR;
				CLANG_WARN_QUOTED_INCLUDE_IN_FRAMEWORK_HEADER = YES;
				CLANG_WARN_RANGE_LOOP_ANALYSIS = YES;
				CLANG_WARN_STRICT_PROTOTYPES = YES;
				CLANG_WARN_SUSPICIOUS_MOVE = YES;
				CLANG_WARN_UNGUARDED_AVAILABILITY = YES_AGGRESSIVE;
				CLANG_WARN_UNREACHABLE_CODE = YES;
				CLANG_WARN__DUPLICATE_METHOD_MATCH = YES;
				COPY_PHASE_STRIP = NO;
				DEBUG_INFORMATION_FORMAT = dwarf;
				ENABLE_STRICT_OBJC_MSGSEND = YES;
				ENABLE_TESTABILITY = YES;
				GCC_C_LANGUAGE_STANDARD = gnu11;
				GCC_DYNAMIC_NO_PIC = NO;
				GCC_NO_COMMON_BLOCKS = YES;
				GCC_OPTIMIZATION_LEVEL = 0;
				GCC_PREPROCESSOR_DEFINITIONS = (
					"DEBUG=1",
					"$(inherited)",
				);
				GCC_WARN_64_TO_32_BIT_CONVERSION = YES;
				GCC_WARN_ABOUT_RETURN_TYPE = YES_ERROR;
				GCC_WARN_UNDECLARED_SELECTOR = YES;
				GCC_WARN_UNINITIALIZED_AUTOS = YES_AGGRESSIVE;
				GCC_WARN_UNUSED_FUNCTION = YES;
				GCC_WARN_UNUSED_VARIABLE = YES;
				IPHONEOS_DEPLOYMENT_TARGET = 14.2;
				MTL_ENABLE_DEBUG_INFO = INCLUDE_SOURCE;
				MTL_FAST_MATH = YES;
				ONLY_ACTIVE_ARCH = YES;
				SDKROOT = iphoneos;
				SWIFT_ACTIVE_COMPILATION_CONDITIONS = DEBUG;
				SWIFT_OPTIMIZATION_LEVEL = "-Onone";
			};
			name = Debug;
		};
		F427449F25819C0200DABF13 /* Release */ = {
			isa = XCBuildConfiguration;
			buildSettings = {
				ALWAYS_SEARCH_USER_PATHS = NO;
				CLANG_ANALYZER_NONNULL = YES;
				CLANG_ANALYZER_NUMBER_OBJECT_CONVERSION = YES_AGGRESSIVE;
				CLANG_CXX_LANGUAGE_STANDARD = "gnu++14";
				CLANG_CXX_LIBRARY = "libc++";
				CLANG_ENABLE_MODULES = YES;
				CLANG_ENABLE_OBJC_ARC = YES;
				CLANG_ENABLE_OBJC_WEAK = YES;
				CLANG_WARN_BLOCK_CAPTURE_AUTORELEASING = YES;
				CLANG_WARN_BOOL_CONVERSION = YES;
				CLANG_WARN_COMMA = YES;
				CLANG_WARN_CONSTANT_CONVERSION = YES;
				CLANG_WARN_DEPRECATED_OBJC_IMPLEMENTATIONS = YES;
				CLANG_WARN_DIRECT_OBJC_ISA_USAGE = YES_ERROR;
				CLANG_WARN_DOCUMENTATION_COMMENTS = YES;
				CLANG_WARN_EMPTY_BODY = YES;
				CLANG_WARN_ENUM_CONVERSION = YES;
				CLANG_WARN_INFINITE_RECURSION = YES;
				CLANG_WARN_INT_CONVERSION = YES;
				CLANG_WARN_NON_LITERAL_NULL_CONVERSION = YES;
				CLANG_WARN_OBJC_IMPLICIT_RETAIN_SELF = YES;
				CLANG_WARN_OBJC_LITERAL_CONVERSION = YES;
				CLANG_WARN_OBJC_ROOT_CLASS = YES_ERROR;
				CLANG_WARN_QUOTED_INCLUDE_IN_FRAMEWORK_HEADER = YES;
				CLANG_WARN_RANGE_LOOP_ANALYSIS = YES;
				CLANG_WARN_STRICT_PROTOTYPES = YES;
				CLANG_WARN_SUSPICIOUS_MOVE = YES;
				CLANG_WARN_UNGUARDED_AVAILABILITY = YES_AGGRESSIVE;
				CLANG_WARN_UNREACHABLE_CODE = YES;
				CLANG_WARN__DUPLICATE_METHOD_MATCH = YES;
				COPY_PHASE_STRIP = NO;
				DEBUG_INFORMATION_FORMAT = "dwarf-with-dsym";
				ENABLE_NS_ASSERTIONS = NO;
				ENABLE_STRICT_OBJC_MSGSEND = YES;
				GCC_C_LANGUAGE_STANDARD = gnu11;
				GCC_NO_COMMON_BLOCKS = YES;
				GCC_WARN_64_TO_32_BIT_CONVERSION = YES;
				GCC_WARN_ABOUT_RETURN_TYPE = YES_ERROR;
				GCC_WARN_UNDECLARED_SELECTOR = YES;
				GCC_WARN_UNINITIALIZED_AUTOS = YES_AGGRESSIVE;
				GCC_WARN_UNUSED_FUNCTION = YES;
				GCC_WARN_UNUSED_VARIABLE = YES;
				IPHONEOS_DEPLOYMENT_TARGET = 14.2;
				MTL_ENABLE_DEBUG_INFO = NO;
				MTL_FAST_MATH = YES;
				SDKROOT = iphoneos;
				SWIFT_COMPILATION_MODE = wholemodule;
				SWIFT_OPTIMIZATION_LEVEL = "-O";
				VALIDATE_PRODUCT = YES;
			};
			name = Release;
		};
		F42744A125819C0200DABF13 /* Debug */ = {
			isa = XCBuildConfiguration;
			buildSettings = {
				ASSETCATALOG_COMPILER_APPICON_NAME = AppIcon;
				ASSETCATALOG_COMPILER_GLOBAL_ACCENT_COLOR_NAME = AccentColor;
				CODE_SIGN_STYLE = Automatic;
				DEVELOPMENT_ASSET_PATHS = "\"NavigationPresentationLayoutIssue/Preview Content\"";
				DEVELOPMENT_TEAM = GJZR2MEM28;
				ENABLE_PREVIEWS = YES;
				FRAMEWORK_SEARCH_PATHS = (
					"$(inherited)",
					"$(PROJECT_DIR)/Carthage/Build/iOS",
				);
				INFOPLIST_FILE = NavigationPresentationLayoutIssue/Info.plist;
				IPHONEOS_DEPLOYMENT_TARGET = 14.0;
				LD_RUNPATH_SEARCH_PATHS = (
					"$(inherited)",
					"@executable_path/Frameworks",
				);
				PRODUCT_BUNDLE_IDENTIFIER = com.dane.miluski.NavigationPresentationLayoutIssue;
				PRODUCT_NAME = "$(TARGET_NAME)";
				SWIFT_VERSION = 5.0;
				TARGETED_DEVICE_FAMILY = "1,2";
			};
			name = Debug;
		};
		F42744A225819C0200DABF13 /* Release */ = {
			isa = XCBuildConfiguration;
			buildSettings = {
				ASSETCATALOG_COMPILER_APPICON_NAME = AppIcon;
				ASSETCATALOG_COMPILER_GLOBAL_ACCENT_COLOR_NAME = AccentColor;
				CODE_SIGN_STYLE = Automatic;
				DEVELOPMENT_ASSET_PATHS = "\"NavigationPresentationLayoutIssue/Preview Content\"";
				DEVELOPMENT_TEAM = GJZR2MEM28;
				ENABLE_PREVIEWS = YES;
				FRAMEWORK_SEARCH_PATHS = (
					"$(inherited)",
					"$(PROJECT_DIR)/Carthage/Build/iOS",
				);
				INFOPLIST_FILE = NavigationPresentationLayoutIssue/Info.plist;
				IPHONEOS_DEPLOYMENT_TARGET = 14.0;
				LD_RUNPATH_SEARCH_PATHS = (
					"$(inherited)",
					"@executable_path/Frameworks",
				);
				PRODUCT_BUNDLE_IDENTIFIER = com.dane.miluski.NavigationPresentationLayoutIssue;
				PRODUCT_NAME = "$(TARGET_NAME)";
				SWIFT_VERSION = 5.0;
				TARGETED_DEVICE_FAMILY = "1,2";
			};
			name = Release;
		};
/* End XCBuildConfiguration section */

/* Begin XCConfigurationList section */
		F427448C25819C0000DABF13 /* Build configuration list for PBXProject "NavigationPresentationLayoutIssue" */ = {
			isa = XCConfigurationList;
			buildConfigurations = (
				F427449E25819C0200DABF13 /* Debug */,
				F427449F25819C0200DABF13 /* Release */,
			);
			defaultConfigurationIsVisible = 0;
			defaultConfigurationName = Release;
		};
		F42744A025819C0200DABF13 /* Build configuration list for PBXNativeTarget "NavigationPresentationLayoutIssue" */ = {
			isa = XCConfigurationList;
			buildConfigurations = (
				F42744A125819C0200DABF13 /* Debug */,
				F42744A225819C0200DABF13 /* Release */,
			);
			defaultConfigurationIsVisible = 0;
			defaultConfigurationName = Release;
		};
/* End XCConfigurationList section */
	};
	rootObject = F427448925819C0000DABF13 /* Project object */;
}
